
Microsoft Visual Studio Solution File, Format Version 12.00
# Visual Studio 15
VisualStudioVersion = 15.0.27004.2002
MinimumVisualStudioVersion = 10.0.40219.1
Project("{FAE04EC0-301F-11D3-BF4B-00C04F79EFBC}") = "Mass.Service.Db.Utilities", "Mass.Service.Db.Utilities\Mass.Service.Db.Utilities.csproj", "{E86D9859-7988-4A23-98E5-8E4A0D1A7211}"
EndProject
Project("{FAE04EC0-301F-11D3-BF4B-00C04F79EFBC}") = "Mass.Service.Db.NUnit", "Mass.Service.Db.NUnit\Mass.Service.Db.NUnit.csproj", "{38C08481-E954-46EE-86B0-5DD89F33AB15}"
EndProject
Project("{FAE04EC0-301F-11D3-BF4B-00C04F79EFBC}") = "Mass.Service.Db.DataAccess", "Mass.Service.Db.DataAccess\Mass.Service.Db.DataAccess.csproj", "{0EAA64E5-321B-481B-A53D-C9974C66A0E3}"
EndProject
Project("{FAE04EC0-301F-11D3-BF4B-00C04F79EFBC}") = "Mass.Service.Db.DynamicClass1", "Mass.Service.Db.DynamicClass1\Mass.Service.Db.DynamicClass1.csproj", "{83AC9F3E-E78E-42FE-95DD-79EFF059AAB7}"
EndProject
Global
	GlobalSection(SolutionConfigurationPlatforms) = preSolution
		Debug|Any CPU = Debug|Any CPU
		Release|Any CPU = Release|Any CPU
	EndGlobalSection
	GlobalSection(ProjectConfigurationPlatforms) = postSolution
		{E86D9859-7988-4A23-98E5-8E4A0D1A7211}.Debug|Any CPU.ActiveCfg = Debug|Any CPU
		{E86D9859-7988-4A23-98E5-8E4A0D1A7211}.Debug|Any CPU.Build.0 = Debug|Any CPU
		{E86D9859-7988-4A23-98E5-8E4A0D1A7211}.Release|Any CPU.ActiveCfg = Release|Any CPU
		{E86D9859-7988-4A23-98E5-8E4A0D1A7211}.Release|Any CPU.Build.0 = Release|Any CPU
		{38C08481-E954-46EE-86B0-5DD89F33AB15}.Debug|Any CPU.ActiveCfg = Debug|Any CPU
		{38C08481-E954-46EE-86B0-5DD89F33AB15}.Debug|Any CPU.Build.0 = Debug|Any CPU
		{38C08481-E954-46EE-86B0-5DD89F33AB15}.Release|Any CPU.ActiveCfg = Release|Any CPU
		{38C08481-E954-46EE-86B0-5DD89F33AB15}.Release|Any CPU.Build.0 = Release|Any CPU
		{0EAA64E5-321B-481B-A53D-C9974C66A0E3}.Debug|Any CPU.ActiveCfg = Debug|Any CPU
		{0EAA64E5-321B-481B-A53D-C9974C66A0E3}.Debug|Any CPU.Build.0 = Debug|Any CPU
		{0EAA64E5-321B-481B-A53D-C9974C66A0E3}.Release|Any CPU.ActiveCfg = Release|Any CPU
		{0EAA64E5-321B-481B-A53D-C9974C66A0E3}.Release|Any CPU.Build.0 = Release|Any CPU
		{83AC9F3E-E78E-42FE-95DD-79EFF059AAB7}.Debug|Any CPU.ActiveCfg = Debug|Any CPU
		{83AC9F3E-E78E-42FE-95DD-79EFF059AAB7}.Debug|Any CPU.Build.0 = Debug|Any CPU
		{83AC9F3E-E78E-42FE-95DD-79EFF059AAB7}.Release|Any CPU.ActiveCfg = Release|Any CPU
		{83AC9F3E-E78E-42FE-95DD-79EFF059AAB7}.Release|Any CPU.Build.0 = Release|Any CPU
	EndGlobalSection
	GlobalSection(SolutionProperties) = preSolution
		HideSolutionNode = FALSE
	EndGlobalSection
	GlobalSection(ExtensibilityGlobals) = postSolution
		SolutionGuid = {1BEBA1F6-5A52-4131-88EC-A7714E397C11}
	EndGlobalSection
EndGlobal
