
Microsoft Visual Studio Solution File, Format Version 12.00
# Visual Studio 15
VisualStudioVersion = 15.0.26730.10
MinimumVisualStudioVersion = 10.0.40219.1
Project("{FAE04EC0-301F-11D3-BF4B-00C04F79EFBC}") = "Mass.Service.Db.Utilities", "Mass.Service.Db.Utilities\Mass.Service.Db.Utilities.csproj", "{E86D9859-7988-4A23-98E5-8E4A0D1A7211}"
EndProject
Project("{FAE04EC0-301F-11D3-BF4B-00C04F79EFBC}") = "Mass.Service.Db.Utilities.Test", "Mass.Service.Db.Utilities.Test\Mass.Service.Db.Utilities.Test.csproj", "{4AD2FC05-466B-4F59-9994-ACA127B5A399}"
EndProject
Global
	GlobalSection(SolutionConfigurationPlatforms) = preSolution
		Debug|Any CPU = Debug|Any CPU
		Release|Any CPU = Release|Any CPU
	EndGlobalSection
	GlobalSection(ProjectConfigurationPlatforms) = postSolution
		{E86D9859-7988-4A23-98E5-8E4A0D1A7211}.Debug|Any CPU.ActiveCfg = Debug|Any CPU
		{E86D9859-7988-4A23-98E5-8E4A0D1A7211}.Debug|Any CPU.Build.0 = Debug|Any CPU
		{E86D9859-7988-4A23-98E5-8E4A0D1A7211}.Release|Any CPU.ActiveCfg = Release|Any CPU
		{E86D9859-7988-4A23-98E5-8E4A0D1A7211}.Release|Any CPU.Build.0 = Release|Any CPU
		{4AD2FC05-466B-4F59-9994-ACA127B5A399}.Debug|Any CPU.ActiveCfg = Debug|Any CPU
		{4AD2FC05-466B-4F59-9994-ACA127B5A399}.Debug|Any CPU.Build.0 = Debug|Any CPU
		{4AD2FC05-466B-4F59-9994-ACA127B5A399}.Release|Any CPU.ActiveCfg = Release|Any CPU
		{4AD2FC05-466B-4F59-9994-ACA127B5A399}.Release|Any CPU.Build.0 = Release|Any CPU
	EndGlobalSection
	GlobalSection(SolutionProperties) = preSolution
		HideSolutionNode = FALSE
	EndGlobalSection
	GlobalSection(ExtensibilityGlobals) = postSolution
		SolutionGuid = {1BEBA1F6-5A52-4131-88EC-A7714E397C11}
	EndGlobalSection
EndGlobal
